// !$*UTF8*$!
{
	archiveVersion = 1;
	classes = {
	};
	objectVersion = 50;
	objects = {

/* Begin PBXBuildFile section */
		9A1958D124358B45001C009A /* Screenshot+UIScrollViewExtension.swift in Sources */ = {isa = PBXBuildFile; fileRef = 9A1958D024358B45001C009A /* Screenshot+UIScrollViewExtension.swift */; };
		9A813C2923333B7100A83485 /* AppDelegate.swift in Sources */ = {isa = PBXBuildFile; fileRef = 9A813C2823333B7100A83485 /* AppDelegate.swift */; };
		9A813C2B23333B7100A83485 /* ViewController.swift in Sources */ = {isa = PBXBuildFile; fileRef = 9A813C2A23333B7100A83485 /* ViewController.swift */; };
		9A813C2E23333B7100A83485 /* Main.storyboard in Resources */ = {isa = PBXBuildFile; fileRef = 9A813C2C23333B7100A83485 /* Main.storyboard */; };
		9A813C3023333B7200A83485 /* Assets.xcassets in Resources */ = {isa = PBXBuildFile; fileRef = 9A813C2F23333B7200A83485 /* Assets.xcassets */; };
		9A813C3323333B7200A83485 /* LaunchScreen.storyboard in Resources */ = {isa = PBXBuildFile; fileRef = 9A813C3123333B7200A83485 /* LaunchScreen.storyboard */; };
		9A813C3B2333481200A83485 /* TableViewController.swift in Sources */ = {isa = PBXBuildFile; fileRef = 9A813C3A2333481200A83485 /* TableViewController.swift */; };
/* End PBXBuildFile section */

/* Begin PBXFileReference section */
		9A1958D024358B45001C009A /* Screenshot+UIScrollViewExtension.swift */ = {isa = PBXFileReference; lastKnownFileType = sourcecode.swift; path = "Screenshot+UIScrollViewExtension.swift"; sourceTree = "<group>"; };
		9A813C2523333B7100A83485 /* LongScreenshot.app */ = {isa = PBXFileReference; explicitFileType = wrapper.application; includeInIndex = 0; path = LongScreenshot.app; sourceTree = BUILT_PRODUCTS_DIR; };
		9A813C2823333B7100A83485 /* AppDelegate.swift */ = {isa = PBXFileReference; lastKnownFileType = sourcecode.swift; path = AppDelegate.swift; sourceTree = "<group>"; };
		9A813C2A23333B7100A83485 /* ViewController.swift */ = {isa = PBXFileReference; lastKnownFileType = sourcecode.swift; path = ViewController.swift; sourceTree = "<group>"; };
		9A813C2D23333B7100A83485 /* Base */ = {isa = PBXFileReference; lastKnownFileType = file.storyboard; name = Base; path = Base.lproj/Main.storyboard; sourceTree = "<group>"; };
		9A813C2F23333B7200A83485 /* Assets.xcassets */ = {isa = PBXFileReference; lastKnownFileType = folder.assetcatalog; path = Assets.xcassets; sourceTree = "<group>"; };
		9A813C3223333B7200A83485 /* Base */ = {isa = PBXFileReference; lastKnownFileType = file.storyboard; name = Base; path = Base.lproj/LaunchScreen.storyboard; sourceTree = "<group>"; };
		9A813C3423333B7200A83485 /* Info.plist */ = {isa = PBXFileReference; lastKnownFileType = text.plist.xml; path = Info.plist; sourceTree = "<group>"; };
		9A813C3A2333481200A83485 /* TableViewController.swift */ = {isa = PBXFileReference; lastKnownFileType = sourcecode.swift; path = TableViewController.swift; sourceTree = "<group>"; };
/* End PBXFileReference section */

/* Begin PBXFrameworksBuildPhase section */
		9A813C2223333B7100A83485 /* Frameworks */ = {
			isa = PBXFrameworksBuildPhase;
			buildActionMask = 2147483647;
			files = (
			);
			runOnlyForDeploymentPostprocessing = 0;
		};
/* End PBXFrameworksBuildPhase section */

/* Begin PBXGroup section */
		9A813C1C23333B7000A83485 = {
			isa = PBXGroup;
			children = (
				9A813C2723333B7100A83485 /* LongScreenshot */,
				9A813C2623333B7100A83485 /* Products */,
			);
			sourceTree = "<group>";
		};
		9A813C2623333B7100A83485 /* Products */ = {
			isa = PBXGroup;
			children = (
				9A813C2523333B7100A83485 /* LongScreenshot.app */,
			);
			name = Products;
			sourceTree = "<group>";
		};
		9A813C2723333B7100A83485 /* LongScreenshot */ = {
			isa = PBXGroup;
			children = (
				9A813C2823333B7100A83485 /* AppDelegate.swift */,
				9A813C2A23333B7100A83485 /* ViewController.swift */,
				9A813C3A2333481200A83485 /* TableViewController.swift */,
				9A1958D024358B45001C009A /* Screenshot+UIScrollViewExtension.swift */,
				9A813C2C23333B7100A83485 /* Main.storyboard */,
				9A813C2F23333B7200A83485 /* Assets.xcassets */,
				9A813C3123333B7200A83485 /* LaunchScreen.storyboard */,
				9A813C3423333B7200A83485 /* Info.plist */,
			);
			path = LongScreenshot;
			sourceTree = "<group>";
		};
/* End PBXGroup section */

/* Begin PBXNativeTarget section */
		9A813C2423333B7100A83485 /* LongScreenshot */ = {
			isa = PBXNativeTarget;
			buildConfigurationList = 9A813C3723333B7200A83485 /* Build configuration list for PBXNativeTarget "LongScreenshot" */;
			buildPhases = (
				9A813C2123333B7100A83485 /* Sources */,
				9A813C2223333B7100A83485 /* Frameworks */,
				9A813C2323333B7100A83485 /* Resources */,
			);
			buildRules = (
			);
			dependencies = (
			);
			name = LongScreenshot;
			productName = LongScreenshot;
			productReference = 9A813C2523333B7100A83485 /* LongScreenshot.app */;
			productType = "com.apple.product-type.application";
		};
/* End PBXNativeTarget section */

/* Begin PBXProject section */
		9A813C1D23333B7000A83485 /* Project object */ = {
			isa = PBXProject;
			attributes = {
				LastSwiftUpdateCheck = 1030;
				LastUpgradeCheck = 1030;
				ORGANIZATIONNAME = "Guang Lei";
				TargetAttributes = {
					9A813C2423333B7100A83485 = {
						CreatedOnToolsVersion = 10.3;
					};
				};
			};
			buildConfigurationList = 9A813C2023333B7000A83485 /* Build configuration list for PBXProject "LongScreenshot" */;
			compatibilityVersion = "Xcode 9.3";
			developmentRegion = en;
			hasScannedForEncodings = 0;
			knownRegions = (
				en,
				Base,
			);
			mainGroup = 9A813C1C23333B7000A83485;
			productRefGroup = 9A813C2623333B7100A83485 /* Products */;
			projectDirPath = "";
			projectRoot = "";
			targets = (
				9A813C2423333B7100A83485 /* LongScreenshot */,
			);
		};
/* End PBXProject section */

/* Begin PBXResourcesBuildPhase section */
		9A813C2323333B7100A83485 /* Resources */ = {
			isa = PBXResourcesBuildPhase;
			buildActionMask = 2147483647;
			files = (
				9A813C3323333B7200A83485 /* LaunchScreen.storyboard in Resources */,
				9A813C3023333B7200A83485 /* Assets.xcassets in Resources */,
				9A813C2E23333B7100A83485 /* Main.storyboard in Resources */,
			);
			runOnlyForDeploymentPostprocessing = 0;
		};
/* End PBXResourcesBuildPhase section */

/* Begin PBXSourcesBuildPhase section */
		9A813C2123333B7100A83485 /* Sources */ = {
			isa = PBXSourcesBuildPhase;
			buildActionMask = 2147483647;
			files = (
				9A813C2B23333B7100A83485 /* ViewController.swift in Sources */,
				9A813C3B2333481200A83485 /* TableViewController.swift in Sources */,
				9A813C2923333B7100A83485 /* AppDelegate.swift in Sources */,
				9A1958D124358B45001C009A /* Screenshot+UIScrollViewExtension.swift in Sources */,
			);
			runOnlyForDeploymentPostprocessing = 0;
		};
/* End PBXSourcesBuildPhase section */

/* Begin PBXVariantGroup section */
		9A813C2C23333B7100A83485 /* Main.storyboard */ = {
			isa = PBXVariantGroup;
			children = (
				9A813C2D23333B7100A83485 /* Base */,
			);
			name = Main.storyboard;
			sourceTree = "<group>";
		};
		9A813C3123333B7200A83485 /* LaunchScreen.storyboard */ = {
			isa = PBXVariantGroup;
			children = (
				9A813C3223333B7200A83485 /* Base */,
			);
			name = LaunchScreen.storyboard;
			sourceTree = "<group>";
		};
/* End PBXVariantGroup section */

/* Begin XCBuildConfiguration section */
		9A813C3523333B7200A83485 /* Debug */ = {
			isa = XCBuildConfiguration;
			buildSettings = {
				ALWAYS_SEARCH_USER_PATHS = NO;
				CLANG_ANALYZER_NONNULL = YES;
				CLANG_ANALYZER_NUMBER_OBJECT_CONVERSION = YES_AGGRESSIVE;
				CLANG_CXX_LANGUAGE_STANDARD = "gnu++14";
				CLANG_CXX_LIBRARY = "libc++";
				CLANG_ENABLE_MODULES = YES;
				CLANG_ENABLE_OBJC_ARC = YES;
				CLANG_ENABLE_OBJC_WEAK = YES;
				CLANG_WARN_BLOCK_CAPTURE_AUTORELEASING = YES;
				CLANG_WARN_BOOL_CONVERSION = YES;
				CLANG_WARN_COMMA = YES;
				CLANG_WARN_CONSTANT_CONVERSION = YES;
				CLANG_WARN_DEPRECATED_OBJC_IMPLEMENTATIONS = YES;
				CLANG_WARN_DIRECT_OBJC_ISA_USAGE = YES_ERROR;
				CLANG_WARN_DOCUMENTATION_COMMENTS = YES;
				CLANG_WARN_EMPTY_BODY = YES;
				CLANG_WARN_ENUM_CONVERSION = YES;
				CLANG_WARN_INFINITE_RECURSION = YES;
				CLANG_WARN_INT_CONVERSION = YES;
				CLANG_WARN_NON_LITERAL_NULL_CONVERSION = YES;
				CLANG_WARN_OBJC_IMPLICIT_RETAIN_SELF = YES;
				CLANG_WARN_OBJC_LITERAL_CONVERSION = YES;
				CLANG_WARN_OBJC_ROOT_CLASS = YES_ERROR;
				CLANG_WARN_RANGE_LOOP_ANALYSIS = YES;
				CLANG_WARN_STRICT_PROTOTYPES = YES;
				CLANG_WARN_SUSPICIOUS_MOVE = YES;
				CLANG_WARN_UNGUARDED_AVAILABILITY = YES_AGGRESSIVE;
				CLANG_WARN_UNREACHABLE_CODE = YES;
				CLANG_WARN__DUPLICATE_METHOD_MATCH = YES;
				CODE_SIGN_IDENTITY = "iPhone Developer";
				COPY_PHASE_STRIP = NO;
				DEBUG_INFORMATION_FORMAT = dwarf;
				ENABLE_STRICT_OBJC_MSGSEND = YES;
				ENABLE_TESTABILITY = YES;
				GCC_C_LANGUAGE_STANDARD = gnu11;
				GCC_DYNAMIC_NO_PIC = NO;
				GCC_NO_COMMON_BLOCKS = YES;
				GCC_OPTIMIZATION_LEVEL = 0;
				GCC_PREPROCESSOR_DEFINITIONS = (
					"DEBUG=1",
					"$(inherited)",
				);
				GCC_WARN_64_TO_32_BIT_CONVERSION = YES;
				GCC_WARN_ABOUT_RETURN_TYPE = YES_ERROR;
				GCC_WARN_UNDECLARED_SELECTOR = YES;
				GCC_WARN_UNINITIALIZED_AUTOS = YES_AGGRESSIVE;
				GCC_WARN_UNUSED_FUNCTION = YES;
				GCC_WARN_UNUSED_VARIABLE = YES;
				IPHONEOS_DEPLOYMENT_TARGET = 12.4;
				MTL_ENABLE_DEBUG_INFO = INCLUDE_SOURCE;
				MTL_FAST_MATH = YES;
				ONLY_ACTIVE_ARCH = YES;
				SDKROOT = iphoneos;
				SWIFT_ACTIVE_COMPILATION_CONDITIONS = DEBUG;
				SWIFT_OPTIMIZATION_LEVEL = "-Onone";
			};
			name = Debug;
		};
		9A813C3623333B7200A83485 /* Release */ = {
			isa = XCBuildConfiguration;
			buildSettings = {
				ALWAYS_SEARCH_USER_PATHS = NO;
				CLANG_ANALYZER_NONNULL = YES;
				CLANG_ANALYZER_NUMBER_OBJECT_CONVERSION = YES_AGGRESSIVE;
				CLANG_CXX_LANGUAGE_STANDARD = "gnu++14";
				CLANG_CXX_LIBRARY = "libc++";
				CLANG_ENABLE_MODULES = YES;
				CLANG_ENABLE_OBJC_ARC = YES;
				CLANG_ENABLE_OBJC_WEAK = YES;
				CLANG_WARN_BLOCK_CAPTURE_AUTORELEASING = YES;
				CLANG_WARN_BOOL_CONVERSION = YES;
				CLANG_WARN_COMMA = YES;
				CLANG_WARN_CONSTANT_CONVERSION = YES;
				CLANG_WARN_DEPRECATED_OBJC_IMPLEMENTATIONS = YES;
				CLANG_WARN_DIRECT_OBJC_ISA_USAGE = YES_ERROR;
				CLANG_WARN_DOCUMENTATION_COMMENTS = YES;
				CLANG_WARN_EMPTY_BODY = YES;
				CLANG_WARN_ENUM_CONVERSION = YES;
				CLANG_WARN_INFINITE_RECURSION = YES;
				CLANG_WARN_INT_CONVERSION = YES;
				CLANG_WARN_NON_LITERAL_NULL_CONVERSION = YES;
				CLANG_WARN_OBJC_IMPLICIT_RETAIN_SELF = YES;
				CLANG_WARN_OBJC_LITERAL_CONVERSION = YES;
				CLANG_WARN_OBJC_ROOT_CLASS = YES_ERROR;
				CLANG_WARN_RANGE_LOOP_ANALYSIS = YES;
				CLANG_WARN_STRICT_PROTOTYPES = YES;
				CLANG_WARN_SUSPICIOUS_MOVE = YES;
				CLANG_WARN_UNGUARDED_AVAILABILITY = YES_AGGRESSIVE;
				CLANG_WARN_UNREACHABLE_CODE = YES;
				CLANG_WARN__DUPLICATE_METHOD_MATCH = YES;
				CODE_SIGN_IDENTITY = "iPhone Developer";
				COPY_PHASE_STRIP = NO;
				DEBUG_INFORMATION_FORMAT = "dwarf-with-dsym";
				ENABLE_NS_ASSERTIONS = NO;
				ENABLE_STRICT_OBJC_MSGSEND = YES;
				GCC_C_LANGUAGE_STANDARD = gnu11;
				GCC_NO_COMMON_BLOCKS = YES;
				GCC_WARN_64_TO_32_BIT_CONVERSION = YES;
				GCC_WARN_ABOUT_RETURN_TYPE = YES_ERROR;
				GCC_WARN_UNDECLARED_SELECTOR = YES;
				GCC_WARN_UNINITIALIZED_AUTOS = YES_AGGRESSIVE;
				GCC_WARN_UNUSED_FUNCTION = YES;
				GCC_WARN_UNUSED_VARIABLE = YES;
				IPHONEOS_DEPLOYMENT_TARGET = 12.4;
				MTL_ENABLE_DEBUG_INFO = NO;
				MTL_FAST_MATH = YES;
				SDKROOT = iphoneos;
				SWIFT_COMPILATION_MODE = wholemodule;
				SWIFT_OPTIMIZATION_LEVEL = "-O";
				VALIDATE_PRODUCT = YES;
			};
			name = Release;
		};
		9A813C3823333B7200A83485 /* Debug */ = {
			isa = XCBuildConfiguration;
			buildSettings = {
				ASSETCATALOG_COMPILER_APPICON_NAME = AppIcon;
				CODE_SIGN_STYLE = Automatic;
				INFOPLIST_FILE = LongScreenshot/Info.plist;
				LD_RUNPATH_SEARCH_PATHS = (
					"$(inherited)",
					"@executable_path/Frameworks",
				);
				PRODUCT_BUNDLE_IDENTIFIER = com.leiguang.LongScreenshot;
				PRODUCT_NAME = "$(TARGET_NAME)";
				SWIFT_VERSION = 5.0;
				TARGETED_DEVICE_FAMILY = "1,2";
			};
			name = Debug;
		};
		9A813C3923333B7200A83485 /* Release */ = {
			isa = XCBuildConfiguration;
			buildSettings = {
				ASSETCATALOG_COMPILER_APPICON_NAME = AppIcon;
				CODE_SIGN_STYLE = Automatic;
				INFOPLIST_FILE = LongScreenshot/Info.plist;
				LD_RUNPATH_SEARCH_PATHS = (
					"$(inherited)",
					"@executable_path/Frameworks",
				);
				PRODUCT_BUNDLE_IDENTIFIER = com.leiguang.LongScreenshot;
				PRODUCT_NAME = "$(TARGET_NAME)";
				SWIFT_VERSION = 5.0;
				TARGETED_DEVICE_FAMILY = "1,2";
			};
			name = Release;
		};
/* End XCBuildConfiguration section */

/* Begin XCConfigurationList section */
		9A813C2023333B7000A83485 /* Build configuration list for PBXProject "LongScreenshot" */ = {
			isa = XCConfigurationList;
			buildConfigurations = (
				9A813C3523333B7200A83485 /* Debug */,
				9A813C3623333B7200A83485 /* Release */,
			);
			defaultConfigurationIsVisible = 0;
			defaultConfigurationName = Release;
		};
		9A813C3723333B7200A83485 /* Build configuration list for PBXNativeTarget "LongScreenshot" */ = {
			isa = XCConfigurationList;
			buildConfigurations = (
				9A813C3823333B7200A83485 /* Debug */,
				9A813C3923333B7200A83485 /* Release */,
			);
			defaultConfigurationIsVisible = 0;
			defaultConfigurationName = Release;
		};
/* End XCConfigurationList section */
	};
	rootObject = 9A813C1D23333B7000A83485 /* Project object */;
}
